
Microsoft Visual Studio Solution File, Format Version 12.00
# Visual Studio 15
VisualStudioVersion = 15.0.26906.1
MinimumVisualStudioVersion = 10.0.40219.1
Project("{FAE04EC0-301F-11D3-BF4B-00C04F79EFBC}") = "ServiceStack.DimCorp.Core", "ServiceStack.DimCorp.Core\ServiceStack.DimCorp.Core.csproj", "{DD54AA3B-9FE4-43EE-A445-BA730848AC4A}"
EndProject
Project("{FAE04EC0-301F-11D3-BF4B-00C04F79EFBC}") = "ServiceStack.DimCorp.Host.ServiceInterface", "ServiceStack.DimCorp.Host.ServiceInterface\ServiceStack.DimCorp.Host.ServiceInterface.csproj", "{3FFDA17D-E0C3-4155-BAB4-AFA3A431B564}"
EndProject
Project("{FAE04EC0-301F-11D3-BF4B-00C04F79EFBC}") = "ServiceStack.DimCorp.Dal", "ServiceStack.DimCorp.Dal\ServiceStack.DimCorp.Dal.csproj", "{48603B50-E159-4217-93FD-70908F8B15CA}"
EndProject
Project("{FAE04EC0-301F-11D3-BF4B-00C04F79EFBC}") = "ServiceStack.DimCorp.Host.ServiceModel", "ServiceStack.DimCorp.Host.ServiceModel\ServiceStack.DimCorp.Host.ServiceModel.csproj", "{84CFAB68-5313-4CAC-AD4E-3029FED4E10E}"
EndProject
Project("{FAE04EC0-301F-11D3-BF4B-00C04F79EFBC}") = "ServiceStack.DimCorp.Host", "ServiceStack.DimCorp.Host\ServiceStack.DimCorp.Host.csproj", "{18C281FA-5D11-4D4F-BBB1-5D922DC1AAE5}"
EndProject
Project("{FAE04EC0-301F-11D3-BF4B-00C04F79EFBC}") = "ServiceStack.DimCorp.Host.Tests", "ServiceStack.DimCorp.Host.Tests\ServiceStack.DimCorp.Host.Tests.csproj", "{A5538CD5-1A46-4D97-9D8B-B2D991428CA4}"
EndProject
Global
	GlobalSection(SolutionConfigurationPlatforms) = preSolution
		Debug|Any CPU = Debug|Any CPU
		Release|Any CPU = Release|Any CPU
	EndGlobalSection
	GlobalSection(ProjectConfigurationPlatforms) = postSolution
		{DD54AA3B-9FE4-43EE-A445-BA730848AC4A}.Debug|Any CPU.ActiveCfg = Debug|Any CPU
		{DD54AA3B-9FE4-43EE-A445-BA730848AC4A}.Debug|Any CPU.Build.0 = Debug|Any CPU
		{DD54AA3B-9FE4-43EE-A445-BA730848AC4A}.Release|Any CPU.ActiveCfg = Release|Any CPU
		{DD54AA3B-9FE4-43EE-A445-BA730848AC4A}.Release|Any CPU.Build.0 = Release|Any CPU
		{3FFDA17D-E0C3-4155-BAB4-AFA3A431B564}.Debug|Any CPU.ActiveCfg = Debug|Any CPU
		{3FFDA17D-E0C3-4155-BAB4-AFA3A431B564}.Debug|Any CPU.Build.0 = Debug|Any CPU
		{3FFDA17D-E0C3-4155-BAB4-AFA3A431B564}.Release|Any CPU.ActiveCfg = Release|Any CPU
		{3FFDA17D-E0C3-4155-BAB4-AFA3A431B564}.Release|Any CPU.Build.0 = Release|Any CPU
		{48603B50-E159-4217-93FD-70908F8B15CA}.Debug|Any CPU.ActiveCfg = Debug|Any CPU
		{48603B50-E159-4217-93FD-70908F8B15CA}.Debug|Any CPU.Build.0 = Debug|Any CPU
		{48603B50-E159-4217-93FD-70908F8B15CA}.Release|Any CPU.ActiveCfg = Release|Any CPU
		{48603B50-E159-4217-93FD-70908F8B15CA}.Release|Any CPU.Build.0 = Release|Any CPU
		{84CFAB68-5313-4CAC-AD4E-3029FED4E10E}.Debug|Any CPU.ActiveCfg = Debug|Any CPU
		{84CFAB68-5313-4CAC-AD4E-3029FED4E10E}.Debug|Any CPU.Build.0 = Debug|Any CPU
		{84CFAB68-5313-4CAC-AD4E-3029FED4E10E}.Release|Any CPU.ActiveCfg = Release|Any CPU
		{84CFAB68-5313-4CAC-AD4E-3029FED4E10E}.Release|Any CPU.Build.0 = Release|Any CPU
		{18C281FA-5D11-4D4F-BBB1-5D922DC1AAE5}.Debug|Any CPU.ActiveCfg = Debug|Any CPU
		{18C281FA-5D11-4D4F-BBB1-5D922DC1AAE5}.Debug|Any CPU.Build.0 = Debug|Any CPU
		{18C281FA-5D11-4D4F-BBB1-5D922DC1AAE5}.Release|Any CPU.ActiveCfg = Release|Any CPU
		{18C281FA-5D11-4D4F-BBB1-5D922DC1AAE5}.Release|Any CPU.Build.0 = Release|Any CPU
		{A5538CD5-1A46-4D97-9D8B-B2D991428CA4}.Debug|Any CPU.ActiveCfg = Debug|Any CPU
		{A5538CD5-1A46-4D97-9D8B-B2D991428CA4}.Debug|Any CPU.Build.0 = Debug|Any CPU
		{A5538CD5-1A46-4D97-9D8B-B2D991428CA4}.Release|Any CPU.ActiveCfg = Release|Any CPU
		{A5538CD5-1A46-4D97-9D8B-B2D991428CA4}.Release|Any CPU.Build.0 = Release|Any CPU
	EndGlobalSection
	GlobalSection(SolutionProperties) = preSolution
		HideSolutionNode = FALSE
	EndGlobalSection
	GlobalSection(ExtensibilityGlobals) = postSolution
		SolutionGuid = {DD9C28A0-6991-4D6D-8E1A-6B03F8729869}
	EndGlobalSection
EndGlobal
